
Microsoft Visual Studio Solution File, Format Version 12.00
# Visual Studio Version 17
VisualStudioVersion = 17.10.35122.118
MinimumVisualStudioVersion = 10.0.40219.1
Project("{FAE04EC0-301F-11D3-BF4B-00C04F79EFBC}") = "Assignment_02_LINQ_in_c#", "Assignment_02_LINQ_in_c#\Assignment_02_LINQ_in_c#.csproj", "{613E01F8-ABF2-4716-A815-D63B03552F22}"
EndProject
Global
	GlobalSection(SolutionConfigurationPlatforms) = preSolution
		Debug|Any CPU = Debug|Any CPU
		Release|Any CPU = Release|Any CPU
	EndGlobalSection
	GlobalSection(ProjectConfigurationPlatforms) = postSolution
		{613E01F8-ABF2-4716-A815-D63B03552F22}.Debug|Any CPU.ActiveCfg = Debug|Any CPU
		{613E01F8-ABF2-4716-A815-D63B03552F22}.Debug|Any CPU.Build.0 = Debug|Any CPU
		{613E01F8-ABF2-4716-A815-D63B03552F22}.Release|Any CPU.ActiveCfg = Release|Any CPU
		{613E01F8-ABF2-4716-A815-D63B03552F22}.Release|Any CPU.Build.0 = Release|Any CPU
	EndGlobalSection
	GlobalSection(SolutionProperties) = preSolution
		HideSolutionNode = FALSE
	EndGlobalSection
	GlobalSection(ExtensibilityGlobals) = postSolution
		SolutionGuid = {13D888E6-9591-405A-86FC-C96B8F789577}
	EndGlobalSection
EndGlobal
